
Microsoft Visual Studio Solution File, Format Version 12.00
# Visual Studio 15
VisualStudioVersion = 15.0.28307.2092
MinimumVisualStudioVersion = 10.0.40219.1
Project("{FAE04EC0-301F-11D3-BF4B-00C04F79EFBC}") = "MVCBasicProject", "MVCBasicProject\MVCBasicProject.csproj", "{6479D850-565E-4E21-B745-87A1B2A71B03}"
EndProject
Global
	GlobalSection(SolutionConfigurationPlatforms) = preSolution
		Debug|Any CPU = Debug|Any CPU
		Release|Any CPU = Release|Any CPU
	EndGlobalSection
	GlobalSection(ProjectConfigurationPlatforms) = postSolution
		{6479D850-565E-4E21-B745-87A1B2A71B03}.Debug|Any CPU.ActiveCfg = Debug|Any CPU
		{6479D850-565E-4E21-B745-87A1B2A71B03}.Debug|Any CPU.Build.0 = Debug|Any CPU
		{6479D850-565E-4E21-B745-87A1B2A71B03}.Release|Any CPU.ActiveCfg = Release|Any CPU
		{6479D850-565E-4E21-B745-87A1B2A71B03}.Release|Any CPU.Build.0 = Release|Any CPU
	EndGlobalSection
	GlobalSection(SolutionProperties) = preSolution
		HideSolutionNode = FALSE
	EndGlobalSection
	GlobalSection(ExtensibilityGlobals) = postSolution
		SolutionGuid = {E8B698C1-668F-4CEC-8178-BA5AA65ECF9A}
	EndGlobalSection
EndGlobal
